
Microsoft Visual Studio Solution File, Format Version 12.00
# Visual Studio Version 17
VisualStudioVersion = 17.11.35312.102
MinimumVisualStudioVersion = 10.0.40219.1
Project("{FAE04EC0-301F-11D3-BF4B-00C04F79EFBC}") = "FileWriter", "FileWriter\FileWriter.csproj", "{F1561768-9FBD-484C-92E3-C5B51B1DE2E6}"
EndProject
Project("{FAE04EC0-301F-11D3-BF4B-00C04F79EFBC}") = "LookUp", "LookUp\LookUp.csproj", "{B49B01CD-9DCB-46D8-9CB9-0357F3AB4C54}"
EndProject
Global
	GlobalSection(SolutionConfigurationPlatforms) = preSolution
		Debug|Any CPU = Debug|Any CPU
		Release|Any CPU = Release|Any CPU
	EndGlobalSection
	GlobalSection(ProjectConfigurationPlatforms) = postSolution
		{F1561768-9FBD-484C-92E3-C5B51B1DE2E6}.Debug|Any CPU.ActiveCfg = Debug|Any CPU
		{F1561768-9FBD-484C-92E3-C5B51B1DE2E6}.Debug|Any CPU.Build.0 = Debug|Any CPU
		{F1561768-9FBD-484C-92E3-C5B51B1DE2E6}.Release|Any CPU.ActiveCfg = Release|Any CPU
		{F1561768-9FBD-484C-92E3-C5B51B1DE2E6}.Release|Any CPU.Build.0 = Release|Any CPU
		{B49B01CD-9DCB-46D8-9CB9-0357F3AB4C54}.Debug|Any CPU.ActiveCfg = Debug|Any CPU
		{B49B01CD-9DCB-46D8-9CB9-0357F3AB4C54}.Debug|Any CPU.Build.0 = Debug|Any CPU
		{B49B01CD-9DCB-46D8-9CB9-0357F3AB4C54}.Release|Any CPU.ActiveCfg = Release|Any CPU
		{B49B01CD-9DCB-46D8-9CB9-0357F3AB4C54}.Release|Any CPU.Build.0 = Release|Any CPU
	EndGlobalSection
	GlobalSection(SolutionProperties) = preSolution
		HideSolutionNode = FALSE
	EndGlobalSection
	GlobalSection(ExtensibilityGlobals) = postSolution
		SolutionGuid = {48CB37B2-59AC-480E-897B-15A301962F24}
	EndGlobalSection
EndGlobal
